
Microsoft Visual Studio Solution File, Format Version 12.00
# Visual Studio Version 17
VisualStudioVersion = 17.11.35219.272
MinimumVisualStudioVersion = 10.0.40219.1
Project("{FAE04EC0-301F-11D3-BF4B-00C04F79EFBC}") = "Ejercicio2_CesarCadillo", "Ejercicio2_CesarCadillo\Ejercicio2_CesarCadillo.csproj", "{D1950893-079D-4E61-A1DA-0472849A9611}"
EndProject
Global
	GlobalSection(SolutionConfigurationPlatforms) = preSolution
		Debug|Any CPU = Debug|Any CPU
		Release|Any CPU = Release|Any CPU
	EndGlobalSection
	GlobalSection(ProjectConfigurationPlatforms) = postSolution
		{D1950893-079D-4E61-A1DA-0472849A9611}.Debug|Any CPU.ActiveCfg = Debug|Any CPU
		{D1950893-079D-4E61-A1DA-0472849A9611}.Debug|Any CPU.Build.0 = Debug|Any CPU
		{D1950893-079D-4E61-A1DA-0472849A9611}.Release|Any CPU.ActiveCfg = Release|Any CPU
		{D1950893-079D-4E61-A1DA-0472849A9611}.Release|Any CPU.Build.0 = Release|Any CPU
	EndGlobalSection
	GlobalSection(SolutionProperties) = preSolution
		HideSolutionNode = FALSE
	EndGlobalSection
	GlobalSection(ExtensibilityGlobals) = postSolution
		SolutionGuid = {0441E441-EB49-4940-84FB-E40CC5CD9309}
	EndGlobalSection
EndGlobal
